
Microsoft Visual Studio Solution File, Format Version 12.00
# Visual Studio Version 17
VisualStudioVersion = 17.1.32414.318
MinimumVisualStudioVersion = 10.0.40219.1
Project("{FAE04EC0-301F-11D3-BF4B-00C04F79EFBC}") = "Determinant", "Determinant\Determinant.csproj", "{BE36966B-8271-4239-8217-5F35921CB876}"
EndProject
Project("{2150E333-8FDC-42A3-9474-1A3956D46DE8}") = "Элементы решения", "Элементы решения", "{B3F36DA5-1FE8-41A7-95C6-F924B27AF938}"
EndProject
Global
	GlobalSection(SolutionConfigurationPlatforms) = preSolution
		Debug|Any CPU = Debug|Any CPU
		Release|Any CPU = Release|Any CPU
	EndGlobalSection
	GlobalSection(ProjectConfigurationPlatforms) = postSolution
		{BE36966B-8271-4239-8217-5F35921CB876}.Debug|Any CPU.ActiveCfg = Debug|Any CPU
		{BE36966B-8271-4239-8217-5F35921CB876}.Debug|Any CPU.Build.0 = Debug|Any CPU
		{BE36966B-8271-4239-8217-5F35921CB876}.Release|Any CPU.ActiveCfg = Release|Any CPU
		{BE36966B-8271-4239-8217-5F35921CB876}.Release|Any CPU.Build.0 = Release|Any CPU
	EndGlobalSection
	GlobalSection(SolutionProperties) = preSolution
		HideSolutionNode = FALSE
	EndGlobalSection
	GlobalSection(ExtensibilityGlobals) = postSolution
		SolutionGuid = {A50B4C8A-D3A6-49E8-8837-0B2BE4E23CE2}
	EndGlobalSection
EndGlobal
